
Microsoft Visual Studio Solution File, Format Version 12.00
# Visual Studio Version 16
VisualStudioVersion = 16.0.29519.181
MinimumVisualStudioVersion = 10.0.40219.1
Project("{FAE04EC0-301F-11D3-BF4B-00C04F79EFBC}") = "EventService", "EventService\EventService.csproj", "{D0EEDA85-84B3-43FF-81EB-16B71F1E91DC}"
EndProject
Global
	GlobalSection(SolutionConfigurationPlatforms) = preSolution
		Debug|Any CPU = Debug|Any CPU
		Release|Any CPU = Release|Any CPU
	EndGlobalSection
	GlobalSection(ProjectConfigurationPlatforms) = postSolution
		{D0EEDA85-84B3-43FF-81EB-16B71F1E91DC}.Debug|Any CPU.ActiveCfg = Debug|Any CPU
		{D0EEDA85-84B3-43FF-81EB-16B71F1E91DC}.Debug|Any CPU.Build.0 = Debug|Any CPU
		{D0EEDA85-84B3-43FF-81EB-16B71F1E91DC}.Release|Any CPU.ActiveCfg = Release|Any CPU
		{D0EEDA85-84B3-43FF-81EB-16B71F1E91DC}.Release|Any CPU.Build.0 = Release|Any CPU
	EndGlobalSection
	GlobalSection(SolutionProperties) = preSolution
		HideSolutionNode = FALSE
	EndGlobalSection
	GlobalSection(ExtensibilityGlobals) = postSolution
		SolutionGuid = {7F81E44A-538B-4E98-AF92-BEB5AFB09D9D}
	EndGlobalSection
EndGlobal
