
Microsoft Visual Studio Solution File, Format Version 12.00
# Visual Studio Version 16
VisualStudioVersion = 16.0.29709.97
MinimumVisualStudioVersion = 10.0.40219.1
Project("{FAE04EC0-301F-11D3-BF4B-00C04F79EFBC}") = "RecommenderService", "RecommenderService\RecommenderService.csproj", "{7B4ED86C-3612-44E3-97F7-7AE7CD648A1C}"
EndProject
Global
	GlobalSection(SolutionConfigurationPlatforms) = preSolution
		Debug|Any CPU = Debug|Any CPU
		Release|Any CPU = Release|Any CPU
	EndGlobalSection
	GlobalSection(ProjectConfigurationPlatforms) = postSolution
		{7B4ED86C-3612-44E3-97F7-7AE7CD648A1C}.Debug|Any CPU.ActiveCfg = Debug|Any CPU
		{7B4ED86C-3612-44E3-97F7-7AE7CD648A1C}.Debug|Any CPU.Build.0 = Debug|Any CPU
		{7B4ED86C-3612-44E3-97F7-7AE7CD648A1C}.Release|Any CPU.ActiveCfg = Release|Any CPU
		{7B4ED86C-3612-44E3-97F7-7AE7CD648A1C}.Release|Any CPU.Build.0 = Release|Any CPU
	EndGlobalSection
	GlobalSection(SolutionProperties) = preSolution
		HideSolutionNode = FALSE
	EndGlobalSection
	GlobalSection(ExtensibilityGlobals) = postSolution
		SolutionGuid = {EFE26A04-B543-46D3-9E0D-A6145BFDBF5F}
	EndGlobalSection
EndGlobal
