
Microsoft Visual Studio Solution File, Format Version 12.00
# Visual Studio Version 16
VisualStudioVersion = 16.0.29519.181
MinimumVisualStudioVersion = 10.0.40219.1
Project("{9A19103F-16F7-4668-BE54-9A1E7A4F7556}") = "UserService", "UserService\UserService.csproj", "{88DFF411-AE2A-494D-B0B6-E548B0557A5D}"
EndProject
Project("{9A19103F-16F7-4668-BE54-9A1E7A4F7556}") = "Common", "..\Common\Common\Common.csproj", "{B4BD49FA-969A-4E61-AA36-A8E772B005D7}"
EndProject
Global
	GlobalSection(SolutionConfigurationPlatforms) = preSolution
		Debug|Any CPU = Debug|Any CPU
		Release|Any CPU = Release|Any CPU
	EndGlobalSection
	GlobalSection(ProjectConfigurationPlatforms) = postSolution
		{88DFF411-AE2A-494D-B0B6-E548B0557A5D}.Debug|Any CPU.ActiveCfg = Debug|Any CPU
		{88DFF411-AE2A-494D-B0B6-E548B0557A5D}.Debug|Any CPU.Build.0 = Debug|Any CPU
		{88DFF411-AE2A-494D-B0B6-E548B0557A5D}.Release|Any CPU.ActiveCfg = Release|Any CPU
		{88DFF411-AE2A-494D-B0B6-E548B0557A5D}.Release|Any CPU.Build.0 = Release|Any CPU
		{B4BD49FA-969A-4E61-AA36-A8E772B005D7}.Debug|Any CPU.ActiveCfg = Debug|Any CPU
		{B4BD49FA-969A-4E61-AA36-A8E772B005D7}.Debug|Any CPU.Build.0 = Debug|Any CPU
		{B4BD49FA-969A-4E61-AA36-A8E772B005D7}.Release|Any CPU.ActiveCfg = Release|Any CPU
		{B4BD49FA-969A-4E61-AA36-A8E772B005D7}.Release|Any CPU.Build.0 = Release|Any CPU
	EndGlobalSection
	GlobalSection(SolutionProperties) = preSolution
		HideSolutionNode = FALSE
	EndGlobalSection
	GlobalSection(ExtensibilityGlobals) = postSolution
		SolutionGuid = {5EA8CCD3-F687-44CA-90BA-A32F23F23F0B}
	EndGlobalSection
EndGlobal
