
Microsoft Visual Studio Solution File, Format Version 12.00
# Visual Studio Version 16
VisualStudioVersion = 16.0.29519.181
MinimumVisualStudioVersion = 10.0.40219.1
Project("{FAE04EC0-301F-11D3-BF4B-00C04F79EFBC}") = "CatalogService", "CatalogService\CatalogService.csproj", "{1B287854-17C1-44ED-B150-FC3CF775CAFD}"
EndProject
Global
	GlobalSection(SolutionConfigurationPlatforms) = preSolution
		Debug|Any CPU = Debug|Any CPU
		Release|Any CPU = Release|Any CPU
	EndGlobalSection
	GlobalSection(ProjectConfigurationPlatforms) = postSolution
		{1B287854-17C1-44ED-B150-FC3CF775CAFD}.Debug|Any CPU.ActiveCfg = Debug|Any CPU
		{1B287854-17C1-44ED-B150-FC3CF775CAFD}.Debug|Any CPU.Build.0 = Debug|Any CPU
		{1B287854-17C1-44ED-B150-FC3CF775CAFD}.Release|Any CPU.ActiveCfg = Release|Any CPU
		{1B287854-17C1-44ED-B150-FC3CF775CAFD}.Release|Any CPU.Build.0 = Release|Any CPU
	EndGlobalSection
	GlobalSection(SolutionProperties) = preSolution
		HideSolutionNode = FALSE
	EndGlobalSection
	GlobalSection(ExtensibilityGlobals) = postSolution
		SolutionGuid = {AB45FA7D-6600-4FF1-8FA0-5A8083EAF495}
	EndGlobalSection
EndGlobal
